// !$*UTF8*$!
{
	archiveVersion = 1;
	classes = {
	};
	objectVersion = 56;
	objects = {

/* Begin PBXBuildFile section */
		BFADA1C12A82EE5B00C009AF /* sadhanaApp.swift in Sources */ = {isa = PBXBuildFile; fileRef = BFADA1C02A82EE5B00C009AF /* sadhanaApp.swift */; };
		BFADA1C32A82EE5B00C009AF /* ContentView.swift in Sources */ = {isa = PBXBuildFile; fileRef = BFADA1C22A82EE5B00C009AF /* ContentView.swift */; };
		BFADA1C52A82EE5D00C009AF /* Assets.xcassets in Resources */ = {isa = PBXBuildFile; fileRef = BFADA1C42A82EE5D00C009AF /* Assets.xcassets */; };
		BFADA1C82A82EE5D00C009AF /* Preview Assets.xcassets in Resources */ = {isa = PBXBuildFile; fileRef = BFADA1C72A82EE5D00C009AF /* Preview Assets.xcassets */; };
		BFBA31192A84673D008B9A47 /* AppBackground.swift in Sources */ = {isa = PBXBuildFile; fileRef = BFBA31182A84673D008B9A47 /* AppBackground.swift */; };
		BFBA311B2A846EEE008B9A47 /* LongButton.swift in Sources */ = {isa = PBXBuildFile; fileRef = BFBA311A2A846EEE008B9A47 /* LongButton.swift */; };
		BFBA311D2A85F782008B9A47 /* BottomDrawer.swift in Sources */ = {isa = PBXBuildFile; fileRef = BFBA311C2A85F782008B9A47 /* BottomDrawer.swift */; };
		BFBA31212A86F6B7008B9A47 /* Practice.swift in Sources */ = {isa = PBXBuildFile; fileRef = BFBA31202A86F6B7008B9A47 /* Practice.swift */; };
		BFBA31242A86FB84008B9A47 /* PracticeCreator.swift in Sources */ = {isa = PBXBuildFile; fileRef = BFBA31232A86FB84008B9A47 /* PracticeCreator.swift */; };
/* End PBXBuildFile section */

/* Begin PBXFileReference section */
		BFADA1BD2A82EE5B00C009AF /* sadhana.app */ = {isa = PBXFileReference; explicitFileType = wrapper.application; includeInIndex = 0; path = sadhana.app; sourceTree = BUILT_PRODUCTS_DIR; };
		BFADA1C02A82EE5B00C009AF /* sadhanaApp.swift */ = {isa = PBXFileReference; lastKnownFileType = sourcecode.swift; path = sadhanaApp.swift; sourceTree = "<group>"; };
		BFADA1C22A82EE5B00C009AF /* ContentView.swift */ = {isa = PBXFileReference; lastKnownFileType = sourcecode.swift; path = ContentView.swift; sourceTree = "<group>"; };
		BFADA1C42A82EE5D00C009AF /* Assets.xcassets */ = {isa = PBXFileReference; lastKnownFileType = folder.assetcatalog; path = Assets.xcassets; sourceTree = "<group>"; };
		BFADA1C72A82EE5D00C009AF /* Preview Assets.xcassets */ = {isa = PBXFileReference; lastKnownFileType = folder.assetcatalog; path = "Preview Assets.xcassets"; sourceTree = "<group>"; };
		BFBA31182A84673D008B9A47 /* AppBackground.swift */ = {isa = PBXFileReference; lastKnownFileType = sourcecode.swift; path = AppBackground.swift; sourceTree = "<group>"; };
		BFBA311A2A846EEE008B9A47 /* LongButton.swift */ = {isa = PBXFileReference; lastKnownFileType = sourcecode.swift; path = LongButton.swift; sourceTree = "<group>"; };
		BFBA311C2A85F782008B9A47 /* BottomDrawer.swift */ = {isa = PBXFileReference; lastKnownFileType = sourcecode.swift; path = BottomDrawer.swift; sourceTree = "<group>"; };
		BFBA31202A86F6B7008B9A47 /* Practice.swift */ = {isa = PBXFileReference; lastKnownFileType = sourcecode.swift; path = Practice.swift; sourceTree = "<group>"; };
		BFBA31232A86FB84008B9A47 /* PracticeCreator.swift */ = {isa = PBXFileReference; lastKnownFileType = sourcecode.swift; path = PracticeCreator.swift; sourceTree = "<group>"; };
/* End PBXFileReference section */

/* Begin PBXFrameworksBuildPhase section */
		BFADA1BA2A82EE5B00C009AF /* Frameworks */ = {
			isa = PBXFrameworksBuildPhase;
			buildActionMask = 2147483647;
			files = (
			);
			runOnlyForDeploymentPostprocessing = 0;
		};
/* End PBXFrameworksBuildPhase section */

/* Begin PBXGroup section */
		BFADA1B42A82EE5B00C009AF = {
			isa = PBXGroup;
			children = (
				BFADA1BF2A82EE5B00C009AF /* sadhana */,
				BFADA1BE2A82EE5B00C009AF /* Products */,
			);
			sourceTree = "<group>";
		};
		BFADA1BE2A82EE5B00C009AF /* Products */ = {
			isa = PBXGroup;
			children = (
				BFADA1BD2A82EE5B00C009AF /* sadhana.app */,
			);
			name = Products;
			sourceTree = "<group>";
		};
		BFADA1BF2A82EE5B00C009AF /* sadhana */ = {
			isa = PBXGroup;
			children = (
				BFBA31222A86F6C3008B9A47 /* Controllers */,
				BFBA311F2A86F642008B9A47 /* Tools */,
				BFBA311E2A86F62D008B9A47 /* Models */,
				BFBA31172A8466BF008B9A47 /* Views */,
				BFADA1C02A82EE5B00C009AF /* sadhanaApp.swift */,
				BFADA1C22A82EE5B00C009AF /* ContentView.swift */,
				BFADA1C42A82EE5D00C009AF /* Assets.xcassets */,
				BFADA1C62A82EE5D00C009AF /* Preview Content */,
			);
			path = sadhana;
			sourceTree = "<group>";
		};
		BFADA1C62A82EE5D00C009AF /* Preview Content */ = {
			isa = PBXGroup;
			children = (
				BFADA1C72A82EE5D00C009AF /* Preview Assets.xcassets */,
			);
			path = "Preview Content";
			sourceTree = "<group>";
		};
		BFBA31172A8466BF008B9A47 /* Views */ = {
			isa = PBXGroup;
			children = (
				BFBA31182A84673D008B9A47 /* AppBackground.swift */,
				BFBA311A2A846EEE008B9A47 /* LongButton.swift */,
				BFBA311C2A85F782008B9A47 /* BottomDrawer.swift */,
				BFBA31232A86FB84008B9A47 /* PracticeCreator.swift */,
			);
			path = Views;
			sourceTree = "<group>";
		};
		BFBA311E2A86F62D008B9A47 /* Models */ = {
			isa = PBXGroup;
			children = (
				BFBA31202A86F6B7008B9A47 /* Practice.swift */,
			);
			path = Models;
			sourceTree = "<group>";
		};
		BFBA311F2A86F642008B9A47 /* Tools */ = {
			isa = PBXGroup;
			children = (
			);
			path = Tools;
			sourceTree = "<group>";
		};
		BFBA31222A86F6C3008B9A47 /* Controllers */ = {
			isa = PBXGroup;
			children = (
			);
			path = Controllers;
			sourceTree = "<group>";
		};
/* End PBXGroup section */

/* Begin PBXNativeTarget section */
		BFADA1BC2A82EE5B00C009AF /* sadhana */ = {
			isa = PBXNativeTarget;
			buildConfigurationList = BFADA1CB2A82EE5D00C009AF /* Build configuration list for PBXNativeTarget "sadhana" */;
			buildPhases = (
				BFADA1B92A82EE5B00C009AF /* Sources */,
				BFADA1BA2A82EE5B00C009AF /* Frameworks */,
				BFADA1BB2A82EE5B00C009AF /* Resources */,
			);
			buildRules = (
			);
			dependencies = (
			);
			name = sadhana;
			productName = sadhana;
			productReference = BFADA1BD2A82EE5B00C009AF /* sadhana.app */;
			productType = "com.apple.product-type.application";
		};
/* End PBXNativeTarget section */

/* Begin PBXProject section */
		BFADA1B52A82EE5B00C009AF /* Project object */ = {
			isa = PBXProject;
			attributes = {
				BuildIndependentTargetsInParallel = 1;
				LastSwiftUpdateCheck = 1430;
				LastUpgradeCheck = 1430;
				TargetAttributes = {
					BFADA1BC2A82EE5B00C009AF = {
						CreatedOnToolsVersion = 14.3;
					};
				};
			};
			buildConfigurationList = BFADA1B82A82EE5B00C009AF /* Build configuration list for PBXProject "sadhana" */;
			compatibilityVersion = "Xcode 14.0";
			developmentRegion = en;
			hasScannedForEncodings = 0;
			knownRegions = (
				en,
				Base,
			);
			mainGroup = BFADA1B42A82EE5B00C009AF;
			productRefGroup = BFADA1BE2A82EE5B00C009AF /* Products */;
			projectDirPath = "";
			projectRoot = "";
			targets = (
				BFADA1BC2A82EE5B00C009AF /* sadhana */,
			);
		};
/* End PBXProject section */

/* Begin PBXResourcesBuildPhase section */
		BFADA1BB2A82EE5B00C009AF /* Resources */ = {
			isa = PBXResourcesBuildPhase;
			buildActionMask = 2147483647;
			files = (
				BFADA1C82A82EE5D00C009AF /* Preview Assets.xcassets in Resources */,
				BFADA1C52A82EE5D00C009AF /* Assets.xcassets in Resources */,
			);
			runOnlyForDeploymentPostprocessing = 0;
		};
/* End PBXResourcesBuildPhase section */

/* Begin PBXSourcesBuildPhase section */
		BFADA1B92A82EE5B00C009AF /* Sources */ = {
			isa = PBXSourcesBuildPhase;
			buildActionMask = 2147483647;
			files = (
				BFBA31212A86F6B7008B9A47 /* Practice.swift in Sources */,
				BFBA31242A86FB84008B9A47 /* PracticeCreator.swift in Sources */,
				BFADA1C32A82EE5B00C009AF /* ContentView.swift in Sources */,
				BFBA31192A84673D008B9A47 /* AppBackground.swift in Sources */,
				BFBA311B2A846EEE008B9A47 /* LongButton.swift in Sources */,
				BFADA1C12A82EE5B00C009AF /* sadhanaApp.swift in Sources */,
				BFBA311D2A85F782008B9A47 /* BottomDrawer.swift in Sources */,
			);
			runOnlyForDeploymentPostprocessing = 0;
		};
/* End PBXSourcesBuildPhase section */

/* Begin XCBuildConfiguration section */
		BFADA1C92A82EE5D00C009AF /* Debug */ = {
			isa = XCBuildConfiguration;
			buildSettings = {
				ALWAYS_SEARCH_USER_PATHS = NO;
				CLANG_ANALYZER_NONNULL = YES;
				CLANG_ANALYZER_NUMBER_OBJECT_CONVERSION = YES_AGGRESSIVE;
				CLANG_CXX_LANGUAGE_STANDARD = "gnu++20";
				CLANG_ENABLE_MODULES = YES;
				CLANG_ENABLE_OBJC_ARC = YES;
				CLANG_ENABLE_OBJC_WEAK = YES;
				CLANG_WARN_BLOCK_CAPTURE_AUTORELEASING = YES;
				CLANG_WARN_BOOL_CONVERSION = YES;
				CLANG_WARN_COMMA = YES;
				CLANG_WARN_CONSTANT_CONVERSION = YES;
				CLANG_WARN_DEPRECATED_OBJC_IMPLEMENTATIONS = YES;
				CLANG_WARN_DIRECT_OBJC_ISA_USAGE = YES_ERROR;
				CLANG_WARN_DOCUMENTATION_COMMENTS = YES;
				CLANG_WARN_EMPTY_BODY = YES;
				CLANG_WARN_ENUM_CONVERSION = YES;
				CLANG_WARN_INFINITE_RECURSION = YES;
				CLANG_WARN_INT_CONVERSION = YES;
				CLANG_WARN_NON_LITERAL_NULL_CONVERSION = YES;
				CLANG_WARN_OBJC_IMPLICIT_RETAIN_SELF = YES;
				CLANG_WARN_OBJC_LITERAL_CONVERSION = YES;
				CLANG_WARN_OBJC_ROOT_CLASS = YES_ERROR;
				CLANG_WARN_QUOTED_INCLUDE_IN_FRAMEWORK_HEADER = YES;
				CLANG_WARN_RANGE_LOOP_ANALYSIS = YES;
				CLANG_WARN_STRICT_PROTOTYPES = YES;
				CLANG_WARN_SUSPICIOUS_MOVE = YES;
				CLANG_WARN_UNGUARDED_AVAILABILITY = YES_AGGRESSIVE;
				CLANG_WARN_UNREACHABLE_CODE = YES;
				CLANG_WARN__DUPLICATE_METHOD_MATCH = YES;
				COPY_PHASE_STRIP = NO;
				DEBUG_INFORMATION_FORMAT = dwarf;
				ENABLE_STRICT_OBJC_MSGSEND = YES;
				ENABLE_TESTABILITY = YES;
				GCC_C_LANGUAGE_STANDARD = gnu11;
				GCC_DYNAMIC_NO_PIC = NO;
				GCC_NO_COMMON_BLOCKS = YES;
				GCC_OPTIMIZATION_LEVEL = 0;
				GCC_PREPROCESSOR_DEFINITIONS = (
					"DEBUG=1",
					"$(inherited)",
				);
				GCC_WARN_64_TO_32_BIT_CONVERSION = YES;
				GCC_WARN_ABOUT_RETURN_TYPE = YES_ERROR;
				GCC_WARN_UNDECLARED_SELECTOR = YES;
				GCC_WARN_UNINITIALIZED_AUTOS = YES_AGGRESSIVE;
				GCC_WARN_UNUSED_FUNCTION = YES;
				GCC_WARN_UNUSED_VARIABLE = YES;
				IPHONEOS_DEPLOYMENT_TARGET = 16.4;
				MTL_ENABLE_DEBUG_INFO = INCLUDE_SOURCE;
				MTL_FAST_MATH = YES;
				ONLY_ACTIVE_ARCH = YES;
				SDKROOT = iphoneos;
				SWIFT_ACTIVE_COMPILATION_CONDITIONS = DEBUG;
				SWIFT_OPTIMIZATION_LEVEL = "-Onone";
			};
			name = Debug;
		};
		BFADA1CA2A82EE5D00C009AF /* Release */ = {
			isa = XCBuildConfiguration;
			buildSettings = {
				ALWAYS_SEARCH_USER_PATHS = NO;
				CLANG_ANALYZER_NONNULL = YES;
				CLANG_ANALYZER_NUMBER_OBJECT_CONVERSION = YES_AGGRESSIVE;
				CLANG_CXX_LANGUAGE_STANDARD = "gnu++20";
				CLANG_ENABLE_MODULES = YES;
				CLANG_ENABLE_OBJC_ARC = YES;
				CLANG_ENABLE_OBJC_WEAK = YES;
				CLANG_WARN_BLOCK_CAPTURE_AUTORELEASING = YES;
				CLANG_WARN_BOOL_CONVERSION = YES;
				CLANG_WARN_COMMA = YES;
				CLANG_WARN_CONSTANT_CONVERSION = YES;
				CLANG_WARN_DEPRECATED_OBJC_IMPLEMENTATIONS = YES;
				CLANG_WARN_DIRECT_OBJC_ISA_USAGE = YES_ERROR;
				CLANG_WARN_DOCUMENTATION_COMMENTS = YES;
				CLANG_WARN_EMPTY_BODY = YES;
				CLANG_WARN_ENUM_CONVERSION = YES;
				CLANG_WARN_INFINITE_RECURSION = YES;
				CLANG_WARN_INT_CONVERSION = YES;
				CLANG_WARN_NON_LITERAL_NULL_CONVERSION = YES;
				CLANG_WARN_OBJC_IMPLICIT_RETAIN_SELF = YES;
				CLANG_WARN_OBJC_LITERAL_CONVERSION = YES;
				CLANG_WARN_OBJC_ROOT_CLASS = YES_ERROR;
				CLANG_WARN_QUOTED_INCLUDE_IN_FRAMEWORK_HEADER = YES;
				CLANG_WARN_RANGE_LOOP_ANALYSIS = YES;
				CLANG_WARN_STRICT_PROTOTYPES = YES;
				CLANG_WARN_SUSPICIOUS_MOVE = YES;
				CLANG_WARN_UNGUARDED_AVAILABILITY = YES_AGGRESSIVE;
				CLANG_WARN_UNREACHABLE_CODE = YES;
				CLANG_WARN__DUPLICATE_METHOD_MATCH = YES;
				COPY_PHASE_STRIP = NO;
				DEBUG_INFORMATION_FORMAT = "dwarf-with-dsym";
				ENABLE_NS_ASSERTIONS = NO;
				ENABLE_STRICT_OBJC_MSGSEND = YES;
				GCC_C_LANGUAGE_STANDARD = gnu11;
				GCC_NO_COMMON_BLOCKS = YES;
				GCC_WARN_64_TO_32_BIT_CONVERSION = YES;
				GCC_WARN_ABOUT_RETURN_TYPE = YES_ERROR;
				GCC_WARN_UNDECLARED_SELECTOR = YES;
				GCC_WARN_UNINITIALIZED_AUTOS = YES_AGGRESSIVE;
				GCC_WARN_UNUSED_FUNCTION = YES;
				GCC_WARN_UNUSED_VARIABLE = YES;
				IPHONEOS_DEPLOYMENT_TARGET = 16.4;
				MTL_ENABLE_DEBUG_INFO = NO;
				MTL_FAST_MATH = YES;
				SDKROOT = iphoneos;
				SWIFT_COMPILATION_MODE = wholemodule;
				SWIFT_OPTIMIZATION_LEVEL = "-O";
				VALIDATE_PRODUCT = YES;
			};
			name = Release;
		};
		BFADA1CC2A82EE5D00C009AF /* Debug */ = {
			isa = XCBuildConfiguration;
			buildSettings = {
				ASSETCATALOG_COMPILER_APPICON_NAME = AppIcon;
				ASSETCATALOG_COMPILER_GLOBAL_ACCENT_COLOR_NAME = AccentColor;
				CODE_SIGN_STYLE = Automatic;
				CURRENT_PROJECT_VERSION = 1;
				DEVELOPMENT_ASSET_PATHS = "\"sadhana/Preview Content\"";
				DEVELOPMENT_TEAM = US4RG7BG4B;
				ENABLE_PREVIEWS = YES;
				GENERATE_INFOPLIST_FILE = YES;
				INFOPLIST_KEY_CFBundleDisplayName = Sadhana;
				INFOPLIST_KEY_LSApplicationCategoryType = "public.app-category.lifestyle";
				INFOPLIST_KEY_UIApplicationSceneManifest_Generation = YES;
				INFOPLIST_KEY_UIApplicationSupportsIndirectInputEvents = YES;
				INFOPLIST_KEY_UILaunchScreen_Generation = YES;
				INFOPLIST_KEY_UISupportedInterfaceOrientations = UIInterfaceOrientationPortrait;
				LD_RUNPATH_SEARCH_PATHS = (
					"$(inherited)",
					"@executable_path/Frameworks",
				);
				MARKETING_VERSION = 1.0;
				PRODUCT_BUNDLE_IDENTIFIER = com.sadhana.sadhana;
				PRODUCT_NAME = "$(TARGET_NAME)";
				SUPPORTED_PLATFORMS = "iphoneos iphonesimulator";
				SUPPORTS_MACCATALYST = NO;
				SUPPORTS_MAC_DESIGNED_FOR_IPHONE_IPAD = NO;
				SUPPORTS_XR_DESIGNED_FOR_IPHONE_IPAD = NO;
				SWIFT_EMIT_LOC_STRINGS = YES;
				SWIFT_VERSION = 5.0;
				TARGETED_DEVICE_FAMILY = 1;
			};
			name = Debug;
		};
		BFADA1CD2A82EE5D00C009AF /* Release */ = {
			isa = XCBuildConfiguration;
			buildSettings = {
				ASSETCATALOG_COMPILER_APPICON_NAME = AppIcon;
				ASSETCATALOG_COMPILER_GLOBAL_ACCENT_COLOR_NAME = AccentColor;
				CODE_SIGN_STYLE = Automatic;
				CURRENT_PROJECT_VERSION = 1;
				DEVELOPMENT_ASSET_PATHS = "\"sadhana/Preview Content\"";
				DEVELOPMENT_TEAM = US4RG7BG4B;
				ENABLE_PREVIEWS = YES;
				GENERATE_INFOPLIST_FILE = YES;
				INFOPLIST_KEY_CFBundleDisplayName = Sadhana;
				INFOPLIST_KEY_LSApplicationCategoryType = "public.app-category.lifestyle";
				INFOPLIST_KEY_UIApplicationSceneManifest_Generation = YES;
				INFOPLIST_KEY_UIApplicationSupportsIndirectInputEvents = YES;
				INFOPLIST_KEY_UILaunchScreen_Generation = YES;
				INFOPLIST_KEY_UISupportedInterfaceOrientations = UIInterfaceOrientationPortrait;
				LD_RUNPATH_SEARCH_PATHS = (
					"$(inherited)",
					"@executable_path/Frameworks",
				);
				MARKETING_VERSION = 1.0;
				PRODUCT_BUNDLE_IDENTIFIER = com.sadhana.sadhana;
				PRODUCT_NAME = "$(TARGET_NAME)";
				SUPPORTED_PLATFORMS = "iphoneos iphonesimulator";
				SUPPORTS_MACCATALYST = NO;
				SUPPORTS_MAC_DESIGNED_FOR_IPHONE_IPAD = NO;
				SUPPORTS_XR_DESIGNED_FOR_IPHONE_IPAD = NO;
				SWIFT_EMIT_LOC_STRINGS = YES;
				SWIFT_VERSION = 5.0;
				TARGETED_DEVICE_FAMILY = 1;
			};
			name = Release;
		};
/* End XCBuildConfiguration section */

/* Begin XCConfigurationList section */
		BFADA1B82A82EE5B00C009AF /* Build configuration list for PBXProject "sadhana" */ = {
			isa = XCConfigurationList;
			buildConfigurations = (
				BFADA1C92A82EE5D00C009AF /* Debug */,
				BFADA1CA2A82EE5D00C009AF /* Release */,
			);
			defaultConfigurationIsVisible = 0;
			defaultConfigurationName = Release;
		};
		BFADA1CB2A82EE5D00C009AF /* Build configuration list for PBXNativeTarget "sadhana" */ = {
			isa = XCConfigurationList;
			buildConfigurations = (
				BFADA1CC2A82EE5D00C009AF /* Debug */,
				BFADA1CD2A82EE5D00C009AF /* Release */,
			);
			defaultConfigurationIsVisible = 0;
			defaultConfigurationName = Release;
		};
/* End XCConfigurationList section */
	};
	rootObject = BFADA1B52A82EE5B00C009AF /* Project object */;
}
